PODS:
  - IQKeyboardManager (6.3.0)
  - Masonry (1.1.0)
  - RTMaxEngine (3.0.0)
  - XHToast (1.4.0)

DEPENDENCIES:
  - IQKeyboardManager
  - Masonry
  - RTMaxEngine
  - XHToast (~> 1.4.0)

SPEC REPOS:
  https://github.com/cocoapods/specs.git:
    - IQKeyboardManager
    - Masonry
    - RTMaxEngine
    - XHToast

SPEC CHECKSUMS:
  IQKeyboardManager: 2ca9d64893247556f53523dcd8d78641f0ba7c23
  Masonry: 678fab65091a9290e40e2832a55e7ab731aad201
  RTMaxEngine: 1f9a620b7384ef2a52b2916a24ae025078753e9c
  XHToast: 3b354766d56d9df8fef8e64387bbd25c90d71a86

PODFILE CHECKSUM: 788f063fee63f29595c2c2c3d1d1f2eb3bae6c0f

COCOAPODS: 1.6.1
