PODS:
  - IQKeyboardManager (6.5.4)
  - Masonry (1.1.0)
  - XHToast (1.4.0)

DEPENDENCIES:
  - IQKeyboardManager
  - Masonry
  - XHToast (~> 1.4.0)

SPEC REPOS:
  trunk:
    - IQKeyboardManager
    - Masonry
    - XHToast

SPEC CHECKSUMS:
  IQKeyboardManager: 72b359cd7e777e3a984cedbe05f8da45320cbb63
  Masonry: 678fab65091a9290e40e2832a55e7ab731aad201
  XHToast: 3b354766d56d9df8fef8e64387bbd25c90d71a86

PODFILE CHECKSUM: d03c1436fc480acbc5564550b27276b6e4315381

COCOAPODS: 1.8.3
